
Microsoft Visual Studio Solution File, Format Version 12.00
# Visual Studio Version 17
VisualStudioVersion = 17.7.34031.279
MinimumVisualStudioVersion = 10.0.40219.1
Project("{FAE04EC0-301F-11D3-BF4B-00C04F79EFBC}") = "AluminiosRuta5", "AluminiosRuta5\AluminiosRuta5.csproj", "{D384FDE3-9075-47BE-8523-EBE55E0A0FDD}"
EndProject
Global
	GlobalSection(SolutionConfigurationPlatforms) = preSolution
		Debug|Any CPU = Debug|Any CPU
		Release|Any CPU = Release|Any CPU
	EndGlobalSection
	GlobalSection(ProjectConfigurationPlatforms) = postSolution
		{D384FDE3-9075-47BE-8523-EBE55E0A0FDD}.Debug|Any CPU.ActiveCfg = Debug|Any CPU
		{D384FDE3-9075-47BE-8523-EBE55E0A0FDD}.Debug|Any CPU.Build.0 = Debug|Any CPU
		{D384FDE3-9075-47BE-8523-EBE55E0A0FDD}.Release|Any CPU.ActiveCfg = Release|Any CPU
		{D384FDE3-9075-47BE-8523-EBE55E0A0FDD}.Release|Any CPU.Build.0 = Release|Any CPU
	EndGlobalSection
	GlobalSection(SolutionProperties) = preSolution
		HideSolutionNode = FALSE
	EndGlobalSection
	GlobalSection(ExtensibilityGlobals) = postSolution
		SolutionGuid = {DE8AB4C4-7465-4E90-A42D-29CB10B6ADB4}
	EndGlobalSection
EndGlobal
